
Microsoft Visual Studio Solution File, Format Version 12.00
# Visual Studio Version 17
VisualStudioVersion = 17.5.002.0
MinimumVisualStudioVersion = 10.0.40219.1
Project("{9A19103F-16F7-4668-BE54-9A1E7A4F7556}") = "JwtBearer", "JwtBearer.csproj", "{5D780B18-C225-41E0-BFE8-8D58BCDBD9E2}"
EndProject
Global
	GlobalSection(SolutionConfigurationPlatforms) = preSolution
		Debug|Any CPU = Debug|Any CPU
		Release|Any CPU = Release|Any CPU
	EndGlobalSection
	GlobalSection(ProjectConfigurationPlatforms) = postSolution
		{5D780B18-C225-41E0-BFE8-8D58BCDBD9E2}.Debug|Any CPU.ActiveCfg = Debug|Any CPU
		{5D780B18-C225-41E0-BFE8-8D58BCDBD9E2}.Debug|Any CPU.Build.0 = Debug|Any CPU
		{5D780B18-C225-41E0-BFE8-8D58BCDBD9E2}.Release|Any CPU.ActiveCfg = Release|Any CPU
		{5D780B18-C225-41E0-BFE8-8D58BCDBD9E2}.Release|Any CPU.Build.0 = Release|Any CPU
	EndGlobalSection
	GlobalSection(SolutionProperties) = preSolution
		HideSolutionNode = FALSE
	EndGlobalSection
	GlobalSection(ExtensibilityGlobals) = postSolution
		SolutionGuid = {7F180C5A-CE0D-4716-81AF-C8249EF2F825}
	EndGlobalSection
EndGlobal
